// !$*UTF8*$!
{
	archiveVersion = 1;
	classes = {
	};
	objectVersion = 46;
	objects = {

/* Begin PBXBuildFile section */
		C609810F1DDA410A00FEB124 /* main.swift in Sources */ = {isa = PBXBuildFile; fileRef = C609810E1DDA410A00FEB124 /* main.swift */; };
		C60981141DDA47E800FEB124 /* Task3Extensions.swift in Sources */ = {isa = PBXBuildFile; fileRef = C60981131DDA47E800FEB124 /* Task3Extensions.swift */; };
		C60981181DDA4BAE00FEB124 /* Task2Extensions.swift in Sources */ = {isa = PBXBuildFile; fileRef = C60981171DDA4BAE00FEB124 /* Task2Extensions.swift */; };
		C609811F1DDB4E7000FEB124 /* Task2Extensions.swift in Sources */ = {isa = PBXBuildFile; fileRef = C60981171DDA4BAE00FEB124 /* Task2Extensions.swift */; };
		C60981211DDB525800FEB124 /* LogicalOperationProofs.swift in Sources */ = {isa = PBXBuildFile; fileRef = C60981201DDB525800FEB124 /* LogicalOperationProofs.swift */; };
		C60981251DDBE04800FEB124 /* Deduction.swift in Sources */ = {isa = PBXBuildFile; fileRef = C60981241DDBE04800FEB124 /* Deduction.swift */; };
		C60981261DDBE06300FEB124 /* Deduction.swift in Sources */ = {isa = PBXBuildFile; fileRef = C60981241DDBE04800FEB124 /* Deduction.swift */; };
		C62603391EA21D06002661B9 /* main.swift in Sources */ = {isa = PBXBuildFile; fileRef = C62603381EA21D06002661B9 /* main.swift */; };
		C626033E1EA21D84002661B9 /* PropositionalCalculusProveValidator.swift in Sources */ = {isa = PBXBuildFile; fileRef = C626033D1EA21D84002661B9 /* PropositionalCalculusProveValidator.swift */; };
		C62603401EA21E2A002661B9 /* InferenceType.swift in Sources */ = {isa = PBXBuildFile; fileRef = C626033F1EA21E2A002661B9 /* InferenceType.swift */; };
		C626034B1EA22D0E002661B9 /* Axioms.swift in Sources */ = {isa = PBXBuildFile; fileRef = C62603461EA22D0E002661B9 /* Axioms.swift */; };
		C626034C1EA22D0E002661B9 /* Formula.swift in Sources */ = {isa = PBXBuildFile; fileRef = C62603471EA22D0E002661B9 /* Formula.swift */; };
		C626034D1EA22D0E002661B9 /* Extensions.swift in Sources */ = {isa = PBXBuildFile; fileRef = C62603481EA22D0E002661B9 /* Extensions.swift */; };
		C626034F1EA22D0E002661B9 /* Parser.swift in Sources */ = {isa = PBXBuildFile; fileRef = C626034A1EA22D0E002661B9 /* Parser.swift */; };
		C62603501EA231F1002661B9 /* Axioms.swift in Sources */ = {isa = PBXBuildFile; fileRef = C62603461EA22D0E002661B9 /* Axioms.swift */; };
		C62603511EA231F2002661B9 /* Axioms.swift in Sources */ = {isa = PBXBuildFile; fileRef = C62603461EA22D0E002661B9 /* Axioms.swift */; };
		C62603521EA231F3002661B9 /* Axioms.swift in Sources */ = {isa = PBXBuildFile; fileRef = C62603461EA22D0E002661B9 /* Axioms.swift */; };
		C62603531EA231F6002661B9 /* Formula.swift in Sources */ = {isa = PBXBuildFile; fileRef = C62603471EA22D0E002661B9 /* Formula.swift */; };
		C62603541EA231F7002661B9 /* Formula.swift in Sources */ = {isa = PBXBuildFile; fileRef = C62603471EA22D0E002661B9 /* Formula.swift */; };
		C62603551EA231F7002661B9 /* Formula.swift in Sources */ = {isa = PBXBuildFile; fileRef = C62603471EA22D0E002661B9 /* Formula.swift */; };
		C62603561EA231FA002661B9 /* Extensions.swift in Sources */ = {isa = PBXBuildFile; fileRef = C62603481EA22D0E002661B9 /* Extensions.swift */; };
		C62603571EA231FA002661B9 /* Extensions.swift in Sources */ = {isa = PBXBuildFile; fileRef = C62603481EA22D0E002661B9 /* Extensions.swift */; };
		C62603581EA231FB002661B9 /* Extensions.swift in Sources */ = {isa = PBXBuildFile; fileRef = C62603481EA22D0E002661B9 /* Extensions.swift */; };
		C62603591EA231FE002661B9 /* main.swift in Sources */ = {isa = PBXBuildFile; fileRef = C62603491EA22D0E002661B9 /* main.swift */; };
		C626035C1EA23202002661B9 /* Parser.swift in Sources */ = {isa = PBXBuildFile; fileRef = C626034A1EA22D0E002661B9 /* Parser.swift */; };
		C626035D1EA23202002661B9 /* Parser.swift in Sources */ = {isa = PBXBuildFile; fileRef = C626034A1EA22D0E002661B9 /* Parser.swift */; };
		C626035E1EA23203002661B9 /* Parser.swift in Sources */ = {isa = PBXBuildFile; fileRef = C626034A1EA22D0E002661B9 /* Parser.swift */; };
		C62603641EA279C1002661B9 /* PropositionalCalculusProveValidator.swift in Sources */ = {isa = PBXBuildFile; fileRef = C626033D1EA21D84002661B9 /* PropositionalCalculusProveValidator.swift */; };
		C62603651EA279C3002661B9 /* PropositionalCalculusProveValidator.swift in Sources */ = {isa = PBXBuildFile; fileRef = C626033D1EA21D84002661B9 /* PropositionalCalculusProveValidator.swift */; };
		C62603661EA27B26002661B9 /* InferenceType.swift in Sources */ = {isa = PBXBuildFile; fileRef = C626033F1EA21E2A002661B9 /* InferenceType.swift */; };
		C62603671EA27B27002661B9 /* InferenceType.swift in Sources */ = {isa = PBXBuildFile; fileRef = C626033F1EA21E2A002661B9 /* InferenceType.swift */; };
		C66026881EB9F32900322910 /* Task1All.swift in Sources */ = {isa = PBXBuildFile; fileRef = C66026871EB9F32900322910 /* Task1All.swift */; };
		C660268A1EB9F56300322910 /* Task2All.swift in Sources */ = {isa = PBXBuildFile; fileRef = C66026891EB9F56300322910 /* Task2All.swift */; };
		C660268C1EB9F57900322910 /* Task3All.swift in Sources */ = {isa = PBXBuildFile; fileRef = C660268B1EB9F57900322910 /* Task3All.swift */; };
		C66BD90A1EABEEA000DAF208 /* LogicalConnective.swift in Sources */ = {isa = PBXBuildFile; fileRef = C66BD9091EABEEA000DAF208 /* LogicalConnective.swift */; };
		C66BD90B1EABF00B00DAF208 /* LogicalConnective.swift in Sources */ = {isa = PBXBuildFile; fileRef = C66BD9091EABEEA000DAF208 /* LogicalConnective.swift */; };
		C66BD90C1EABF00B00DAF208 /* LogicalConnective.swift in Sources */ = {isa = PBXBuildFile; fileRef = C66BD9091EABEEA000DAF208 /* LogicalConnective.swift */; };
		C66BD90D1EABF00C00DAF208 /* LogicalConnective.swift in Sources */ = {isa = PBXBuildFile; fileRef = C66BD9091EABEEA000DAF208 /* LogicalConnective.swift */; };
		C6A566441D56505F00077046 /* main.swift in Sources */ = {isa = PBXBuildFile; fileRef = C6A566431D56505F00077046 /* main.swift */; };
/* End PBXBuildFile section */

/* Begin PBXCopyFilesBuildPhase section */
		C609810A1DDA410A00FEB124 /* CopyFiles */ = {
			isa = PBXCopyFilesBuildPhase;
			buildActionMask = 2147483647;
			dstPath = /usr/share/man/man1/;
			dstSubfolderSpec = 0;
			files = (
			);
			runOnlyForDeploymentPostprocessing = 1;
		};
		C62603341EA21D06002661B9 /* CopyFiles */ = {
			isa = PBXCopyFilesBuildPhase;
			buildActionMask = 2147483647;
			dstPath = /usr/share/man/man1/;
			dstSubfolderSpec = 0;
			files = (
			);
			runOnlyForDeploymentPostprocessing = 1;
		};
		C6A5662F1D564F1F00077046 /* CopyFiles */ = {
			isa = PBXCopyFilesBuildPhase;
			buildActionMask = 2147483647;
			dstPath = /usr/share/man/man1/;
			dstSubfolderSpec = 0;
			files = (
			);
			runOnlyForDeploymentPostprocessing = 1;
		};
		C6A5663F1D56505F00077046 /* CopyFiles */ = {
			isa = PBXCopyFilesBuildPhase;
			buildActionMask = 2147483647;
			dstPath = /usr/share/man/man1/;
			dstSubfolderSpec = 0;
			files = (
			);
			runOnlyForDeploymentPostprocessing = 1;
		};
/* End PBXCopyFilesBuildPhase section */

/* Begin PBXFileReference section */
		C609810C1DDA410A00FEB124 /* Task3 */ = {isa = PBXFileReference; explicitFileType = "compiled.mach-o.executable"; includeInIndex = 0; path = Task3; sourceTree = BUILT_PRODUCTS_DIR; };
		C609810E1DDA410A00FEB124 /* main.swift */ = {isa = PBXFileReference; lastKnownFileType = sourcecode.swift; path = main.swift; sourceTree = "<group>"; };
		C60981131DDA47E800FEB124 /* Task3Extensions.swift */ = {isa = PBXFileReference; fileEncoding = 4; lastKnownFileType = sourcecode.swift; path = Task3Extensions.swift; sourceTree = "<group>"; };
		C60981171DDA4BAE00FEB124 /* Task2Extensions.swift */ = {isa = PBXFileReference; fileEncoding = 4; lastKnownFileType = sourcecode.swift; path = Task2Extensions.swift; sourceTree = "<group>"; };
		C609811D1DDA64DD00FEB124 /* Tests */ = {isa = PBXFileReference; lastKnownFileType = folder; path = Tests; sourceTree = "<group>"; };
		C60981201DDB525800FEB124 /* LogicalOperationProofs.swift */ = {isa = PBXFileReference; fileEncoding = 4; lastKnownFileType = sourcecode.swift; path = LogicalOperationProofs.swift; sourceTree = "<group>"; };
		C60981241DDBE04800FEB124 /* Deduction.swift */ = {isa = PBXFileReference; fileEncoding = 4; lastKnownFileType = sourcecode.swift; path = Deduction.swift; sourceTree = "<group>"; };
		C62603361EA21D06002661B9 /* Task1 */ = {isa = PBXFileReference; explicitFileType = "compiled.mach-o.executable"; includeInIndex = 0; path = Task1; sourceTree = BUILT_PRODUCTS_DIR; };
		C62603381EA21D06002661B9 /* main.swift */ = {isa = PBXFileReference; lastKnownFileType = sourcecode.swift; path = main.swift; sourceTree = "<group>"; };
		C626033D1EA21D84002661B9 /* PropositionalCalculusProveValidator.swift */ = {isa = PBXFileReference; fileEncoding = 4; lastKnownFileType = sourcecode.swift; path = PropositionalCalculusProveValidator.swift; sourceTree = "<group>"; };
		C626033F1EA21E2A002661B9 /* InferenceType.swift */ = {isa = PBXFileReference; fileEncoding = 4; lastKnownFileType = sourcecode.swift; path = InferenceType.swift; sourceTree = "<group>"; };
		C62603461EA22D0E002661B9 /* Axioms.swift */ = {isa = PBXFileReference; fileEncoding = 4; lastKnownFileType = sourcecode.swift; path = Axioms.swift; sourceTree = "<group>"; };
		C62603471EA22D0E002661B9 /* Formula.swift */ = {isa = PBXFileReference; fileEncoding = 4; lastKnownFileType = sourcecode.swift; path = Formula.swift; sourceTree = "<group>"; };
		C62603481EA22D0E002661B9 /* Extensions.swift */ = {isa = PBXFileReference; fileEncoding = 4; lastKnownFileType = sourcecode.swift; path = Extensions.swift; sourceTree = "<group>"; };
		C62603491EA22D0E002661B9 /* main.swift */ = {isa = PBXFileReference; fileEncoding = 4; lastKnownFileType = sourcecode.swift; path = main.swift; sourceTree = "<group>"; };
		C626034A1EA22D0E002661B9 /* Parser.swift */ = {isa = PBXFileReference; fileEncoding = 4; lastKnownFileType = sourcecode.swift; path = Parser.swift; sourceTree = "<group>"; };
		C62603631EA261A0002661B9 /* Tests */ = {isa = PBXFileReference; lastKnownFileType = folder; path = Tests; sourceTree = "<group>"; };
		C6519CEA1D8E1D1B005EA0ED /* Tests */ = {isa = PBXFileReference; lastKnownFileType = folder; path = Tests; sourceTree = "<group>"; };
		C66026871EB9F32900322910 /* Task1All.swift */ = {isa = PBXFileReference; fileEncoding = 4; lastKnownFileType = sourcecode.swift; path = Task1All.swift; sourceTree = "<group>"; };
		C66026891EB9F56300322910 /* Task2All.swift */ = {isa = PBXFileReference; fileEncoding = 4; lastKnownFileType = sourcecode.swift; path = Task2All.swift; sourceTree = "<group>"; };
		C660268B1EB9F57900322910 /* Task3All.swift */ = {isa = PBXFileReference; fileEncoding = 4; lastKnownFileType = sourcecode.swift; path = Task3All.swift; sourceTree = "<group>"; };
		C66BD9091EABEEA000DAF208 /* LogicalConnective.swift */ = {isa = PBXFileReference; fileEncoding = 4; lastKnownFileType = sourcecode.swift; path = LogicalConnective.swift; sourceTree = "<group>"; };
		C6A566311D564F1F00077046 /* Others */ = {isa = PBXFileReference; explicitFileType = "compiled.mach-o.executable"; includeInIndex = 0; path = Others; sourceTree = BUILT_PRODUCTS_DIR; };
		C6A566411D56505F00077046 /* Task2 */ = {isa = PBXFileReference; explicitFileType = "compiled.mach-o.executable"; includeInIndex = 0; path = Task2; sourceTree = BUILT_PRODUCTS_DIR; };
		C6A566431D56505F00077046 /* main.swift */ = {isa = PBXFileReference; lastKnownFileType = sourcecode.swift; path = main.swift; sourceTree = "<group>"; };
/* End PBXFileReference section */

/* Begin PBXFrameworksBuildPhase section */
		C60981091DDA410A00FEB124 /* Frameworks */ = {
			isa = PBXFrameworksBuildPhase;
			buildActionMask = 2147483647;
			files = (
			);
			runOnlyForDeploymentPostprocessing = 0;
		};
		C62603331EA21D06002661B9 /* Frameworks */ = {
			isa = PBXFrameworksBuildPhase;
			buildActionMask = 2147483647;
			files = (
			);
			runOnlyForDeploymentPostprocessing = 0;
		};
		C6A5662E1D564F1F00077046 /* Frameworks */ = {
			isa = PBXFrameworksBuildPhase;
			buildActionMask = 2147483647;
			files = (
			);
			runOnlyForDeploymentPostprocessing = 0;
		};
		C6A5663E1D56505F00077046 /* Frameworks */ = {
			isa = PBXFrameworksBuildPhase;
			buildActionMask = 2147483647;
			files = (
			);
			runOnlyForDeploymentPostprocessing = 0;
		};
/* End PBXFrameworksBuildPhase section */

/* Begin PBXGroup section */
		C609810D1DDA410A00FEB124 /* Task3 */ = {
			isa = PBXGroup;
			children = (
				C609811D1DDA64DD00FEB124 /* Tests */,
				C609810E1DDA410A00FEB124 /* main.swift */,
				C60981131DDA47E800FEB124 /* Task3Extensions.swift */,
				C60981201DDB525800FEB124 /* LogicalOperationProofs.swift */,
			);
			path = Task3;
			sourceTree = "<group>";
		};
		C62603371EA21D06002661B9 /* Task1 */ = {
			isa = PBXGroup;
			children = (
				C62603631EA261A0002661B9 /* Tests */,
				C62603381EA21D06002661B9 /* main.swift */,
				C626033D1EA21D84002661B9 /* PropositionalCalculusProveValidator.swift */,
				C626033F1EA21E2A002661B9 /* InferenceType.swift */,
			);
			path = Task1;
			sourceTree = "<group>";
		};
		C62603451EA22D0E002661B9 /* Others */ = {
			isa = PBXGroup;
			children = (
				C62603461EA22D0E002661B9 /* Axioms.swift */,
				C66BD9091EABEEA000DAF208 /* LogicalConnective.swift */,
				C62603471EA22D0E002661B9 /* Formula.swift */,
				C62603481EA22D0E002661B9 /* Extensions.swift */,
				C62603491EA22D0E002661B9 /* main.swift */,
				C626034A1EA22D0E002661B9 /* Parser.swift */,
				C66026871EB9F32900322910 /* Task1All.swift */,
				C66026891EB9F56300322910 /* Task2All.swift */,
				C660268B1EB9F57900322910 /* Task3All.swift */,
			);
			path = Others;
			sourceTree = "<group>";
		};
		C6A566281D564F1F00077046 = {
			isa = PBXGroup;
			children = (
				C62603451EA22D0E002661B9 /* Others */,
				C62603371EA21D06002661B9 /* Task1 */,
				C6A566421D56505F00077046 /* Task2 */,
				C609810D1DDA410A00FEB124 /* Task3 */,
				C6A566321D564F1F00077046 /* Products */,
			);
			sourceTree = "<group>";
		};
		C6A566321D564F1F00077046 /* Products */ = {
			isa = PBXGroup;
			children = (
				C6A566311D564F1F00077046 /* Others */,
				C6A566411D56505F00077046 /* Task2 */,
				C609810C1DDA410A00FEB124 /* Task3 */,
				C62603361EA21D06002661B9 /* Task1 */,
			);
			name = Products;
			sourceTree = "<group>";
		};
		C6A566421D56505F00077046 /* Task2 */ = {
			isa = PBXGroup;
			children = (
				C6519CEA1D8E1D1B005EA0ED /* Tests */,
				C6A566431D56505F00077046 /* main.swift */,
				C60981171DDA4BAE00FEB124 /* Task2Extensions.swift */,
				C60981241DDBE04800FEB124 /* Deduction.swift */,
			);
			path = Task2;
			sourceTree = "<group>";
		};
/* End PBXGroup section */

/* Begin PBXNativeTarget section */
		C609810B1DDA410A00FEB124 /* Task3 */ = {
			isa = PBXNativeTarget;
			buildConfigurationList = C60981121DDA410A00FEB124 /* Build configuration list for PBXNativeTarget "Task3" */;
			buildPhases = (
				C60981081DDA410A00FEB124 /* Sources */,
				C60981091DDA410A00FEB124 /* Frameworks */,
				C609810A1DDA410A00FEB124 /* CopyFiles */,
			);
			buildRules = (
			);
			dependencies = (
			);
			name = Task3;
			productName = Task3;
			productReference = C609810C1DDA410A00FEB124 /* Task3 */;
			productType = "com.apple.product-type.tool";
		};
		C62603351EA21D06002661B9 /* Task1 */ = {
			isa = PBXNativeTarget;
			buildConfigurationList = C626033C1EA21D06002661B9 /* Build configuration list for PBXNativeTarget "Task1" */;
			buildPhases = (
				C62603321EA21D06002661B9 /* Sources */,
				C62603331EA21D06002661B9 /* Frameworks */,
				C62603341EA21D06002661B9 /* CopyFiles */,
			);
			buildRules = (
			);
			dependencies = (
			);
			name = Task1;
			productName = Task1;
			productReference = C62603361EA21D06002661B9 /* Task1 */;
			productType = "com.apple.product-type.tool";
		};
		C6A566301D564F1F00077046 /* Others */ = {
			isa = PBXNativeTarget;
			buildConfigurationList = C6A566381D564F1F00077046 /* Build configuration list for PBXNativeTarget "Others" */;
			buildPhases = (
				C6A5662D1D564F1F00077046 /* Sources */,
				C6A5662E1D564F1F00077046 /* Frameworks */,
				C6A5662F1D564F1F00077046 /* CopyFiles */,
			);
			buildRules = (
			);
			dependencies = (
			);
			name = Others;
			productName = Others;
			productReference = C6A566311D564F1F00077046 /* Others */;
			productType = "com.apple.product-type.tool";
		};
		C6A566401D56505F00077046 /* Task2 */ = {
			isa = PBXNativeTarget;
			buildConfigurationList = C6A566451D56505F00077046 /* Build configuration list for PBXNativeTarget "Task2" */;
			buildPhases = (
				C6A5663D1D56505F00077046 /* Sources */,
				C6A5663E1D56505F00077046 /* Frameworks */,
				C6A5663F1D56505F00077046 /* CopyFiles */,
			);
			buildRules = (
			);
			dependencies = (
			);
			name = Task2;
			productName = Task2;
			productReference = C6A566411D56505F00077046 /* Task2 */;
			productType = "com.apple.product-type.tool";
		};
/* End PBXNativeTarget section */

/* Begin PBXProject section */
		C6A566291D564F1F00077046 /* Project object */ = {
			isa = PBXProject;
			attributes = {
				LastSwiftUpdateCheck = 0830;
				LastUpgradeCheck = 0830;
				ORGANIZATIONNAME = "Abdukodiri Kurbonzoda";
				TargetAttributes = {
					C609810B1DDA410A00FEB124 = {
						CreatedOnToolsVersion = 8.0;
						LastSwiftMigration = 0830;
						ProvisioningStyle = Automatic;
					};
					C62603351EA21D06002661B9 = {
						CreatedOnToolsVersion = 8.3.1;
						LastSwiftMigration = 0830;
						ProvisioningStyle = Automatic;
					};
					C6A566301D564F1F00077046 = {
						CreatedOnToolsVersion = 8.0;
						ProvisioningStyle = Automatic;
					};
					C6A566401D56505F00077046 = {
						CreatedOnToolsVersion = 8.0;
						LastSwiftMigration = 0800;
						ProvisioningStyle = Automatic;
					};
				};
			};
			buildConfigurationList = C6A5662C1D564F1F00077046 /* Build configuration list for PBXProject "Others" */;
			compatibilityVersion = "Xcode 3.2";
			developmentRegion = English;
			hasScannedForEncodings = 0;
			knownRegions = (
				en,
			);
			mainGroup = C6A566281D564F1F00077046;
			productRefGroup = C6A566321D564F1F00077046 /* Products */;
			projectDirPath = "";
			projectRoot = "";
			targets = (
				C6A566301D564F1F00077046 /* Others */,
				C6A566401D56505F00077046 /* Task2 */,
				C609810B1DDA410A00FEB124 /* Task3 */,
				C62603351EA21D06002661B9 /* Task1 */,
			);
		};
/* End PBXProject section */

/* Begin PBXSourcesBuildPhase section */
		C60981081DDA410A00FEB124 /* Sources */ = {
			isa = PBXSourcesBuildPhase;
			buildActionMask = 2147483647;
			files = (
				C609811F1DDB4E7000FEB124 /* Task2Extensions.swift in Sources */,
				C60981211DDB525800FEB124 /* LogicalOperationProofs.swift in Sources */,
				C626035E1EA23203002661B9 /* Parser.swift in Sources */,
				C62603521EA231F3002661B9 /* Axioms.swift in Sources */,
				C62603581EA231FB002661B9 /* Extensions.swift in Sources */,
				C60981261DDBE06300FEB124 /* Deduction.swift in Sources */,
				C609810F1DDA410A00FEB124 /* main.swift in Sources */,
				C66BD90C1EABF00B00DAF208 /* LogicalConnective.swift in Sources */,
				C62603651EA279C3002661B9 /* PropositionalCalculusProveValidator.swift in Sources */,
				C62603551EA231F7002661B9 /* Formula.swift in Sources */,
				C62603661EA27B26002661B9 /* InferenceType.swift in Sources */,
				C60981141DDA47E800FEB124 /* Task3Extensions.swift in Sources */,
			);
			runOnlyForDeploymentPostprocessing = 0;
		};
		C62603321EA21D06002661B9 /* Sources */ = {
			isa = PBXSourcesBuildPhase;
			buildActionMask = 2147483647;
			files = (
				C626034B1EA22D0E002661B9 /* Axioms.swift in Sources */,
				C626034C1EA22D0E002661B9 /* Formula.swift in Sources */,
				C62603391EA21D06002661B9 /* main.swift in Sources */,
				C66BD90D1EABF00C00DAF208 /* LogicalConnective.swift in Sources */,
				C626034D1EA22D0E002661B9 /* Extensions.swift in Sources */,
				C626034F1EA22D0E002661B9 /* Parser.swift in Sources */,
				C62603401EA21E2A002661B9 /* InferenceType.swift in Sources */,
				C626033E1EA21D84002661B9 /* PropositionalCalculusProveValidator.swift in Sources */,
			);
			runOnlyForDeploymentPostprocessing = 0;
		};
		C6A5662D1D564F1F00077046 /* Sources */ = {
			isa = PBXSourcesBuildPhase;
			buildActionMask = 2147483647;
			files = (
				C62603511EA231F2002661B9 /* Axioms.swift in Sources */,
				C660268C1EB9F57900322910 /* Task3All.swift in Sources */,
				C66BD90A1EABEEA000DAF208 /* LogicalConnective.swift in Sources */,
				C66026881EB9F32900322910 /* Task1All.swift in Sources */,
				C62603561EA231FA002661B9 /* Extensions.swift in Sources */,
				C626035C1EA23202002661B9 /* Parser.swift in Sources */,
				C62603591EA231FE002661B9 /* main.swift in Sources */,
				C62603531EA231F6002661B9 /* Formula.swift in Sources */,
				C660268A1EB9F56300322910 /* Task2All.swift in Sources */,
			);
			runOnlyForDeploymentPostprocessing = 0;
		};
		C6A5663D1D56505F00077046 /* Sources */ = {
			isa = PBXSourcesBuildPhase;
			buildActionMask = 2147483647;
			files = (
				C62603501EA231F1002661B9 /* Axioms.swift in Sources */,
				C62603671EA27B27002661B9 /* InferenceType.swift in Sources */,
				C62603571EA231FA002661B9 /* Extensions.swift in Sources */,
				C66BD90B1EABF00B00DAF208 /* LogicalConnective.swift in Sources */,
				C60981181DDA4BAE00FEB124 /* Task2Extensions.swift in Sources */,
				C626035D1EA23202002661B9 /* Parser.swift in Sources */,
				C60981251DDBE04800FEB124 /* Deduction.swift in Sources */,
				C62603641EA279C1002661B9 /* PropositionalCalculusProveValidator.swift in Sources */,
				C6A566441D56505F00077046 /* main.swift in Sources */,
				C62603541EA231F7002661B9 /* Formula.swift in Sources */,
			);
			runOnlyForDeploymentPostprocessing = 0;
		};
/* End PBXSourcesBuildPhase section */

/* Begin XCBuildConfiguration section */
		C60981101DDA410A00FEB124 /* Debug */ = {
			isa = XCBuildConfiguration;
			buildSettings = {
				PRODUCT_NAME = "$(TARGET_NAME)";
				SWIFT_VERSION = 3.0;
			};
			name = Debug;
		};
		C60981111DDA410A00FEB124 /* Release */ = {
			isa = XCBuildConfiguration;
			buildSettings = {
				PRODUCT_NAME = "$(TARGET_NAME)";
				SWIFT_VERSION = 3.0;
			};
			name = Release;
		};
		C626033A1EA21D06002661B9 /* Debug */ = {
			isa = XCBuildConfiguration;
			buildSettings = {
				CLANG_ANALYZER_NUMBER_OBJECT_CONVERSION = YES_AGGRESSIVE;
				CLANG_WARN_SUSPICIOUS_MOVE = YES;
				MACOSX_DEPLOYMENT_TARGET = 10.12;
				PRODUCT_NAME = "$(TARGET_NAME)";
				SWIFT_VERSION = 3.0;
			};
			name = Debug;
		};
		C626033B1EA21D06002661B9 /* Release */ = {
			isa = XCBuildConfiguration;
			buildSettings = {
				CLANG_ANALYZER_NUMBER_OBJECT_CONVERSION = YES_AGGRESSIVE;
				CLANG_WARN_SUSPICIOUS_MOVE = YES;
				MACOSX_DEPLOYMENT_TARGET = 10.12;
				PRODUCT_NAME = "$(TARGET_NAME)";
				SWIFT_VERSION = 3.0;
			};
			name = Release;
		};
		C6A566361D564F1F00077046 /* Debug */ = {
			isa = XCBuildConfiguration;
			buildSettings = {
				ALWAYS_SEARCH_USER_PATHS = NO;
				CLANG_ANALYZER_NONNULL = YES;
				CLANG_CXX_LANGUAGE_STANDARD = "gnu++0x";
				CLANG_CXX_LIBRARY = "libc++";
				CLANG_ENABLE_MODULES = YES;
				CLANG_ENABLE_OBJC_ARC = YES;
				CLANG_WARN_BOOL_CONVERSION = YES;
				CLANG_WARN_CONSTANT_CONVERSION = YES;
				CLANG_WARN_DIRECT_OBJC_ISA_USAGE = YES_ERROR;
				CLANG_WARN_DOCUMENTATION_COMMENTS = YES;
				CLANG_WARN_EMPTY_BODY = YES;
				CLANG_WARN_ENUM_CONVERSION = YES;
				CLANG_WARN_INFINITE_RECURSION = YES;
				CLANG_WARN_INT_CONVERSION = YES;
				CLANG_WARN_OBJC_ROOT_CLASS = YES_ERROR;
				CLANG_WARN_SUSPICIOUS_MOVE = YES;
				CLANG_WARN_SUSPICIOUS_MOVES = YES;
				CLANG_WARN_UNREACHABLE_CODE = YES;
				CLANG_WARN__DUPLICATE_METHOD_MATCH = YES;
				CODE_SIGN_IDENTITY = "-";
				COPY_PHASE_STRIP = NO;
				DEBUG_INFORMATION_FORMAT = dwarf;
				ENABLE_STRICT_OBJC_MSGSEND = YES;
				ENABLE_TESTABILITY = YES;
				GCC_C_LANGUAGE_STANDARD = gnu99;
				GCC_DYNAMIC_NO_PIC = NO;
				GCC_NO_COMMON_BLOCKS = YES;
				GCC_OPTIMIZATION_LEVEL = 0;
				GCC_PREPROCESSOR_DEFINITIONS = (
					"DEBUG=1",
					"$(inherited)",
				);
				GCC_WARN_64_TO_32_BIT_CONVERSION = YES;
				GCC_WARN_ABOUT_RETURN_TYPE = YES_ERROR;
				GCC_WARN_UNDECLARED_SELECTOR = YES;
				GCC_WARN_UNINITIALIZED_AUTOS = YES_AGGRESSIVE;
				GCC_WARN_UNUSED_FUNCTION = YES;
				GCC_WARN_UNUSED_VARIABLE = YES;
				MACOSX_DEPLOYMENT_TARGET = 10.11;
				MTL_ENABLE_DEBUG_INFO = YES;
				ONLY_ACTIVE_ARCH = YES;
				SDKROOT = macosx;
				SWIFT_OPTIMIZATION_LEVEL = "-Onone";
			};
			name = Debug;
		};
		C6A566371D564F1F00077046 /* Release */ = {
			isa = XCBuildConfiguration;
			buildSettings = {
				ALWAYS_SEARCH_USER_PATHS = NO;
				CLANG_ANALYZER_NONNULL = YES;
				CLANG_CXX_LANGUAGE_STANDARD = "gnu++0x";
				CLANG_CXX_LIBRARY = "libc++";
				CLANG_ENABLE_MODULES = YES;
				CLANG_ENABLE_OBJC_ARC = YES;
				CLANG_WARN_BOOL_CONVERSION = YES;
				CLANG_WARN_CONSTANT_CONVERSION = YES;
				CLANG_WARN_DIRECT_OBJC_ISA_USAGE = YES_ERROR;
				CLANG_WARN_DOCUMENTATION_COMMENTS = YES;
				CLANG_WARN_EMPTY_BODY = YES;
				CLANG_WARN_ENUM_CONVERSION = YES;
				CLANG_WARN_INFINITE_RECURSION = YES;
				CLANG_WARN_INT_CONVERSION = YES;
				CLANG_WARN_OBJC_ROOT_CLASS = YES_ERROR;
				CLANG_WARN_SUSPICIOUS_MOVE = YES;
				CLANG_WARN_SUSPICIOUS_MOVES = YES;
				CLANG_WARN_UNREACHABLE_CODE = YES;
				CLANG_WARN__DUPLICATE_METHOD_MATCH = YES;
				CODE_SIGN_IDENTITY = "-";
				COPY_PHASE_STRIP = NO;
				DEBUG_INFORMATION_FORMAT = "dwarf-with-dsym";
				ENABLE_NS_ASSERTIONS = NO;
				ENABLE_STRICT_OBJC_MSGSEND = YES;
				GCC_C_LANGUAGE_STANDARD = gnu99;
				GCC_NO_COMMON_BLOCKS = YES;
				GCC_WARN_64_TO_32_BIT_CONVERSION = YES;
				GCC_WARN_ABOUT_RETURN_TYPE = YES_ERROR;
				GCC_WARN_UNDECLARED_SELECTOR = YES;
				GCC_WARN_UNINITIALIZED_AUTOS = YES_AGGRESSIVE;
				GCC_WARN_UNUSED_FUNCTION = YES;
				GCC_WARN_UNUSED_VARIABLE = YES;
				MACOSX_DEPLOYMENT_TARGET = 10.11;
				MTL_ENABLE_DEBUG_INFO = NO;
				SDKROOT = macosx;
				SWIFT_OPTIMIZATION_LEVEL = "-Owholemodule";
			};
			name = Release;
		};
		C6A566391D564F1F00077046 /* Debug */ = {
			isa = XCBuildConfiguration;
			buildSettings = {
				PRODUCT_NAME = "$(TARGET_NAME)";
				SWIFT_VERSION = 3.0;
			};
			name = Debug;
		};
		C6A5663A1D564F1F00077046 /* Release */ = {
			isa = XCBuildConfiguration;
			buildSettings = {
				PRODUCT_NAME = "$(TARGET_NAME)";
				SWIFT_VERSION = 3.0;
			};
			name = Release;
		};
		C6A566461D56505F00077046 /* Debug */ = {
			isa = XCBuildConfiguration;
			buildSettings = {
				ALWAYS_EMBED_SWIFT_STANDARD_LIBRARIES = NO;
				PRODUCT_NAME = "$(TARGET_NAME)";
				SWIFT_VERSION = 3.0;
			};
			name = Debug;
		};
		C6A566471D56505F00077046 /* Release */ = {
			isa = XCBuildConfiguration;
			buildSettings = {
				ALWAYS_EMBED_SWIFT_STANDARD_LIBRARIES = NO;
				PRODUCT_NAME = "$(TARGET_NAME)";
				SWIFT_VERSION = 3.0;
			};
			name = Release;
		};
/* End XCBuildConfiguration section */

/* Begin XCConfigurationList section */
		C60981121DDA410A00FEB124 /* Build configuration list for PBXNativeTarget "Task3" */ = {
			isa = XCConfigurationList;
			buildConfigurations = (
				C60981101DDA410A00FEB124 /* Debug */,
				C60981111DDA410A00FEB124 /* Release */,
			);
			defaultConfigurationIsVisible = 0;
			defaultConfigurationName = Release;
		};
		C626033C1EA21D06002661B9 /* Build configuration list for PBXNativeTarget "Task1" */ = {
			isa = XCConfigurationList;
			buildConfigurations = (
				C626033A1EA21D06002661B9 /* Debug */,
				C626033B1EA21D06002661B9 /* Release */,
			);
			defaultConfigurationIsVisible = 0;
			defaultConfigurationName = Release;
		};
		C6A5662C1D564F1F00077046 /* Build configuration list for PBXProject "Others" */ = {
			isa = XCConfigurationList;
			buildConfigurations = (
				C6A566361D564F1F00077046 /* Debug */,
				C6A566371D564F1F00077046 /* Release */,
			);
			defaultConfigurationIsVisible = 0;
			defaultConfigurationName = Release;
		};
		C6A566381D564F1F00077046 /* Build configuration list for PBXNativeTarget "Others" */ = {
			isa = XCConfigurationList;
			buildConfigurations = (
				C6A566391D564F1F00077046 /* Debug */,
				C6A5663A1D564F1F00077046 /* Release */,
			);
			defaultConfigurationIsVisible = 0;
			defaultConfigurationName = Release;
		};
		C6A566451D56505F00077046 /* Build configuration list for PBXNativeTarget "Task2" */ = {
			isa = XCConfigurationList;
			buildConfigurations = (
				C6A566461D56505F00077046 /* Debug */,
				C6A566471D56505F00077046 /* Release */,
			);
			defaultConfigurationIsVisible = 0;
			defaultConfigurationName = Release;
		};
/* End XCConfigurationList section */
	};
	rootObject = C6A566291D564F1F00077046 /* Project object */;
}
